// !$*UTF8*$!
{
	archiveVersion = 1;
	classes = {
	};
	objectVersion = 51;
	objects = {

/* Begin PBXBuildFile section */
		24CCE7331963CBA185439680 /* Pods_GarsonCom.framework in Frameworks */ = {isa = PBXBuildFile; fileRef = FBF5B1323B2CD0942BB81A4A /* Pods_GarsonCom.framework */; };
		D9A26DB622EE1AFA007885E9 /* ApiManager.swift in Sources */ = {isa = PBXBuildFile; fileRef = D9A26DB522EE1AFA007885E9 /* ApiManager.swift */; };
		D9A26DB822EE540E007885E9 /* Auth.swift in Sources */ = {isa = PBXBuildFile; fileRef = D9A26DB722EE540E007885E9 /* Auth.swift */; };
		D9A26DBA22EE546A007885E9 /* EndPoints.swift in Sources */ = {isa = PBXBuildFile; fileRef = D9A26DB922EE546A007885E9 /* EndPoints.swift */; };
		D9F2961D22ECA65F0067F4CA /* AppDelegate.swift in Sources */ = {isa = PBXBuildFile; fileRef = D9F2961C22ECA65F0067F4CA /* AppDelegate.swift */; };
		D9F2962722ECA6610067F4CA /* LaunchScreen.storyboard in Resources */ = {isa = PBXBuildFile; fileRef = D9F2962522ECA6610067F4CA /* LaunchScreen.storyboard */; };
		D9F2963722ED009E0067F4CA /* Assets.xcassets in Resources */ = {isa = PBXBuildFile; fileRef = D9F2963622ED009E0067F4CA /* Assets.xcassets */; };
		D9F2963A22ED01A70067F4CA /* SignUpVC.swift in Sources */ = {isa = PBXBuildFile; fileRef = D9F2963922ED01A70067F4CA /* SignUpVC.swift */; };
		D9F2963D22ED01D40067F4CA /* SignUpVC.storyboard in Resources */ = {isa = PBXBuildFile; fileRef = D9F2963C22ED01D40067F4CA /* SignUpVC.storyboard */; };
		D9F2964022ED04A00067F4CA /* LogInVC.storyboard in Resources */ = {isa = PBXBuildFile; fileRef = D9F2963F22ED04A00067F4CA /* LogInVC.storyboard */; };
		D9F2964222ED04BB0067F4CA /* LogInVC.swift in Sources */ = {isa = PBXBuildFile; fileRef = D9F2964122ED04BB0067F4CA /* LogInVC.swift */; };
		D9F2964522ED06210067F4CA /* Theme.xcassets in Resources */ = {isa = PBXBuildFile; fileRef = D9F2964422ED06210067F4CA /* Theme.xcassets */; };
		D9F2964722ED0AA90067F4CA /* Theme.swift in Sources */ = {isa = PBXBuildFile; fileRef = D9F2964622ED0AA90067F4CA /* Theme.swift */; };
/* End PBXBuildFile section */

/* Begin PBXFileReference section */
		B6D67C5605BF652A7B8E024C /* Pods-GarsonCom.debug.xcconfig */ = {isa = PBXFileReference; includeInIndex = 1; lastKnownFileType = text.xcconfig; name = "Pods-GarsonCom.debug.xcconfig"; path = "Target Support Files/Pods-GarsonCom/Pods-GarsonCom.debug.xcconfig"; sourceTree = "<group>"; };
		D9A26DB522EE1AFA007885E9 /* ApiManager.swift */ = {isa = PBXFileReference; lastKnownFileType = sourcecode.swift; path = ApiManager.swift; sourceTree = "<group>"; };
		D9A26DB722EE540E007885E9 /* Auth.swift */ = {isa = PBXFileReference; lastKnownFileType = sourcecode.swift; path = Auth.swift; sourceTree = "<group>"; };
		D9A26DB922EE546A007885E9 /* EndPoints.swift */ = {isa = PBXFileReference; lastKnownFileType = sourcecode.swift; path = EndPoints.swift; sourceTree = "<group>"; };
		D9F2961922ECA65F0067F4CA /* GarsonCom.app */ = {isa = PBXFileReference; explicitFileType = wrapper.application; includeInIndex = 0; path = GarsonCom.app; sourceTree = BUILT_PRODUCTS_DIR; };
		D9F2961C22ECA65F0067F4CA /* AppDelegate.swift */ = {isa = PBXFileReference; lastKnownFileType = sourcecode.swift; path = AppDelegate.swift; sourceTree = "<group>"; };
		D9F2962622ECA6610067F4CA /* Base */ = {isa = PBXFileReference; lastKnownFileType = file.storyboard; name = Base; path = Base.lproj/LaunchScreen.storyboard; sourceTree = "<group>"; };
		D9F2962822ECA6610067F4CA /* Info.plist */ = {isa = PBXFileReference; lastKnownFileType = text.plist.xml; path = Info.plist; sourceTree = "<group>"; };
		D9F2963622ED009E0067F4CA /* Assets.xcassets */ = {isa = PBXFileReference; lastKnownFileType = folder.assetcatalog; path = Assets.xcassets; sourceTree = "<group>"; };
		D9F2963922ED01A70067F4CA /* SignUpVC.swift */ = {isa = PBXFileReference; lastKnownFileType = sourcecode.swift; path = SignUpVC.swift; sourceTree = "<group>"; };
		D9F2963C22ED01D40067F4CA /* SignUpVC.storyboard */ = {isa = PBXFileReference; lastKnownFileType = file.storyboard; path = SignUpVC.storyboard; sourceTree = "<group>"; };
		D9F2963F22ED04A00067F4CA /* LogInVC.storyboard */ = {isa = PBXFileReference; lastKnownFileType = file.storyboard; path = LogInVC.storyboard; sourceTree = "<group>"; };
		D9F2964122ED04BB0067F4CA /* LogInVC.swift */ = {isa = PBXFileReference; lastKnownFileType = sourcecode.swift; path = LogInVC.swift; sourceTree = "<group>"; };
		D9F2964422ED06210067F4CA /* Theme.xcassets */ = {isa = PBXFileReference; lastKnownFileType = folder.assetcatalog; path = Theme.xcassets; sourceTree = "<group>"; };
		D9F2964622ED0AA90067F4CA /* Theme.swift */ = {isa = PBXFileReference; fileEncoding = 4; lastKnownFileType = sourcecode.swift; path = Theme.swift; sourceTree = "<group>"; };
		F81479674FD9A4AFACBF3CC8 /* Pods-GarsonCom.release.xcconfig */ = {isa = PBXFileReference; includeInIndex = 1; lastKnownFileType = text.xcconfig; name = "Pods-GarsonCom.release.xcconfig"; path = "Target Support Files/Pods-GarsonCom/Pods-GarsonCom.release.xcconfig"; sourceTree = "<group>"; };
		FBF5B1323B2CD0942BB81A4A /* Pods_GarsonCom.framework */ = {isa = PBXFileReference; explicitFileType = wrapper.framework; includeInIndex = 0; path = Pods_GarsonCom.framework; sourceTree = BUILT_PRODUCTS_DIR; };
/* End PBXFileReference section */

/* Begin PBXFrameworksBuildPhase section */
		D9F2961622ECA65F0067F4CA /* Frameworks */ = {
			isa = PBXFrameworksBuildPhase;
			buildActionMask = 2147483647;
			files = (
				24CCE7331963CBA185439680 /* Pods_GarsonCom.framework in Frameworks */,
			);
			runOnlyForDeploymentPostprocessing = 0;
		};
/* End PBXFrameworksBuildPhase section */

/* Begin PBXGroup section */
		6511A3BB52C285435AB59291 /* Frameworks */ = {
			isa = PBXGroup;
			children = (
				FBF5B1323B2CD0942BB81A4A /* Pods_GarsonCom.framework */,
			);
			name = Frameworks;
			sourceTree = "<group>";
		};
		7FC8563616EDC631E17A6320 /* Pods */ = {
			isa = PBXGroup;
			children = (
				B6D67C5605BF652A7B8E024C /* Pods-GarsonCom.debug.xcconfig */,
				F81479674FD9A4AFACBF3CC8 /* Pods-GarsonCom.release.xcconfig */,
			);
			path = Pods;
			sourceTree = "<group>";
		};
		D9F2961022ECA65F0067F4CA = {
			isa = PBXGroup;
			children = (
				D9F2961B22ECA65F0067F4CA /* GarsonCom */,
				D9F2961A22ECA65F0067F4CA /* Products */,
				7FC8563616EDC631E17A6320 /* Pods */,
				6511A3BB52C285435AB59291 /* Frameworks */,
			);
			sourceTree = "<group>";
		};
		D9F2961A22ECA65F0067F4CA /* Products */ = {
			isa = PBXGroup;
			children = (
				D9F2961922ECA65F0067F4CA /* GarsonCom.app */,
			);
			name = Products;
			sourceTree = "<group>";
		};
		D9F2961B22ECA65F0067F4CA /* GarsonCom */ = {
			isa = PBXGroup;
			children = (
				D9F2963522ECFE390067F4CA /* Networking */,
				D9F2963422ECFE320067F4CA /* Model */,
				D9F2963322ECFE1F0067F4CA /* Resources */,
				D9F2963222ECFDCD0067F4CA /* Extensions */,
				D9F2963122ECFDC60067F4CA /* Enums */,
				D9F2963022ECFD9D0067F4CA /* Core */,
				D9F2962F22ECFD8D0067F4CA /* Configuration */,
				D9F2962E22ECFD7B0067F4CA /* Scenes */,
			);
			path = GarsonCom;
			sourceTree = "<group>";
		};
		D9F2962E22ECFD7B0067F4CA /* Scenes */ = {
			isa = PBXGroup;
			children = (
				D9F2963E22ED047F0067F4CA /* LogIn */,
				D9F2963822ED01860067F4CA /* SignUp */,
			);
			path = Scenes;
			sourceTree = "<group>";
		};
		D9F2962F22ECFD8D0067F4CA /* Configuration */ = {
			isa = PBXGroup;
			children = (
				D9F2962822ECA6610067F4CA /* Info.plist */,
			);
			path = Configuration;
			sourceTree = "<group>";
		};
		D9F2963022ECFD9D0067F4CA /* Core */ = {
			isa = PBXGroup;
			children = (
				D9F2961C22ECA65F0067F4CA /* AppDelegate.swift */,
			);
			path = Core;
			sourceTree = "<group>";
		};
		D9F2963122ECFDC60067F4CA /* Enums */ = {
			isa = PBXGroup;
			children = (
				D9A26DB922EE546A007885E9 /* EndPoints.swift */,
			);
			path = Enums;
			sourceTree = "<group>";
		};
		D9F2963222ECFDCD0067F4CA /* Extensions */ = {
			isa = PBXGroup;
			children = (
			);
			path = Extensions;
			sourceTree = "<group>";
		};
		D9F2963322ECFE1F0067F4CA /* Resources */ = {
			isa = PBXGroup;
			children = (
				D9F2963622ED009E0067F4CA /* Assets.xcassets */,
				D9F2962522ECA6610067F4CA /* LaunchScreen.storyboard */,
				D9F2964322ED060B0067F4CA /* Theme */,
			);
			path = Resources;
			sourceTree = "<group>";
		};
		D9F2963422ECFE320067F4CA /* Model */ = {
			isa = PBXGroup;
			children = (
			);
			path = Model;
			sourceTree = "<group>";
		};
		D9F2963522ECFE390067F4CA /* Networking */ = {
			isa = PBXGroup;
			children = (
				D9A26DB522EE1AFA007885E9 /* ApiManager.swift */,
				D9A26DB722EE540E007885E9 /* Auth.swift */,
			);
			path = Networking;
			sourceTree = "<group>";
		};
		D9F2963822ED01860067F4CA /* SignUp */ = {
			isa = PBXGroup;
			children = (
				D9F2963922ED01A70067F4CA /* SignUpVC.swift */,
				D9F2963C22ED01D40067F4CA /* SignUpVC.storyboard */,
			);
			path = SignUp;
			sourceTree = "<group>";
		};
		D9F2963E22ED047F0067F4CA /* LogIn */ = {
			isa = PBXGroup;
			children = (
				D9F2963F22ED04A00067F4CA /* LogInVC.storyboard */,
				D9F2964122ED04BB0067F4CA /* LogInVC.swift */,
			);
			path = LogIn;
			sourceTree = "<group>";
		};
		D9F2964322ED060B0067F4CA /* Theme */ = {
			isa = PBXGroup;
			children = (
				D9F2964422ED06210067F4CA /* Theme.xcassets */,
				D9F2964622ED0AA90067F4CA /* Theme.swift */,
			);
			path = Theme;
			sourceTree = "<group>";
		};
/* End PBXGroup section */

/* Begin PBXNativeTarget section */
		D9F2961822ECA65F0067F4CA /* GarsonCom */ = {
			isa = PBXNativeTarget;
			buildConfigurationList = D9F2962B22ECA6610067F4CA /* Build configuration list for PBXNativeTarget "GarsonCom" */;
			buildPhases = (
				87BAED7E3F8F8148357FE6F5 /* [CP] Check Pods Manifest.lock */,
				D9F2961522ECA65F0067F4CA /* Sources */,
				D9F2961622ECA65F0067F4CA /* Frameworks */,
				D9F2961722ECA65F0067F4CA /* Resources */,
				393C6DE7A5DA5CF4B718B843 /* [CP] Embed Pods Frameworks */,
				6319FA26177937CF9263FD78 /* [CP] Copy Pods Resources */,
			);
			buildRules = (
			);
			dependencies = (
			);
			name = GarsonCom;
			productName = GarsonCom;
			productReference = D9F2961922ECA65F0067F4CA /* GarsonCom.app */;
			productType = "com.apple.product-type.application";
		};
/* End PBXNativeTarget section */

/* Begin PBXProject section */
		D9F2961122ECA65F0067F4CA /* Project object */ = {
			isa = PBXProject;
			attributes = {
				LastSwiftUpdateCheck = 1010;
				LastUpgradeCheck = 1010;
				ORGANIZATIONNAME = KarimMetawea;
				TargetAttributes = {
					D9F2961822ECA65F0067F4CA = {
						CreatedOnToolsVersion = 10.1;
					};
				};
			};
			buildConfigurationList = D9F2961422ECA65F0067F4CA /* Build configuration list for PBXProject "GarsonCom" */;
			compatibilityVersion = "Xcode 9.3";
			developmentRegion = en;
			hasScannedForEncodings = 0;
			knownRegions = (
				en,
				Base,
			);
			mainGroup = D9F2961022ECA65F0067F4CA;
			productRefGroup = D9F2961A22ECA65F0067F4CA /* Products */;
			projectDirPath = "";
			projectRoot = "";
			targets = (
				D9F2961822ECA65F0067F4CA /* GarsonCom */,
			);
		};
/* End PBXProject section */

/* Begin PBXResourcesBuildPhase section */
		D9F2961722ECA65F0067F4CA /* Resources */ = {
			isa = PBXResourcesBuildPhase;
			buildActionMask = 2147483647;
			files = (
				D9F2963D22ED01D40067F4CA /* SignUpVC.storyboard in Resources */,
				D9F2962722ECA6610067F4CA /* LaunchScreen.storyboard in Resources */,
				D9F2964522ED06210067F4CA /* Theme.xcassets in Resources */,
				D9F2963722ED009E0067F4CA /* Assets.xcassets in Resources */,
				D9F2964022ED04A00067F4CA /* LogInVC.storyboard in Resources */,
			);
			runOnlyForDeploymentPostprocessing = 0;
		};
/* End PBXResourcesBuildPhase section */

/* Begin PBXShellScriptBuildPhase section */
		393C6DE7A5DA5CF4B718B843 /* [CP] Embed Pods Frameworks */ = {
			isa = PBXShellScriptBuildPhase;
			buildActionMask = 2147483647;
			files = (
			);
			inputFileListPaths = (
				"${PODS_ROOT}/Target Support Files/Pods-GarsonCom/Pods-GarsonCom-frameworks-${CONFIGURATION}-input-files.xcfilelist",
			);
			name = "[CP] Embed Pods Frameworks";
			outputFileListPaths = (
				"${PODS_ROOT}/Target Support Files/Pods-GarsonCom/Pods-GarsonCom-frameworks-${CONFIGURATION}-output-files.xcfilelist",
			);
			runOnlyForDeploymentPostprocessing = 0;
			shellPath = /bin/sh;
			shellScript = "\"${PODS_ROOT}/Target Support Files/Pods-GarsonCom/Pods-GarsonCom-frameworks.sh\"\n";
			showEnvVarsInLog = 0;
		};
		6319FA26177937CF9263FD78 /* [CP] Copy Pods Resources */ = {
			isa = PBXShellScriptBuildPhase;
			buildActionMask = 2147483647;
			files = (
			);
			inputFileListPaths = (
				"${PODS_ROOT}/Target Support Files/Pods-GarsonCom/Pods-GarsonCom-resources-${CONFIGURATION}-input-files.xcfilelist",
			);
			name = "[CP] Copy Pods Resources";
			outputFileListPaths = (
				"${PODS_ROOT}/Target Support Files/Pods-GarsonCom/Pods-GarsonCom-resources-${CONFIGURATION}-output-files.xcfilelist",
			);
			runOnlyForDeploymentPostprocessing = 0;
			shellPath = /bin/sh;
			shellScript = "\"${PODS_ROOT}/Target Support Files/Pods-GarsonCom/Pods-GarsonCom-resources.sh\"\n";
			showEnvVarsInLog = 0;
		};
		87BAED7E3F8F8148357FE6F5 /* [CP] Check Pods Manifest.lock */ = {
			isa = PBXShellScriptBuildPhase;
			buildActionMask = 2147483647;
			files = (
			);
			inputFileListPaths = (
			);
			inputPaths = (
				"${PODS_PODFILE_DIR_PATH}/Podfile.lock",
				"${PODS_ROOT}/Manifest.lock",
			);
			name = "[CP] Check Pods Manifest.lock";
			outputFileListPaths = (
			);
			outputPaths = (
				"$(DERIVED_FILE_DIR)/Pods-GarsonCom-checkManifestLockResult.txt",
			);
			runOnlyForDeploymentPostprocessing = 0;
			shellPath = /bin/sh;
			shellScript = "diff \"${PODS_PODFILE_DIR_PATH}/Podfile.lock\" \"${PODS_ROOT}/Manifest.lock\" > /dev/null\nif [ $? != 0 ] ; then\n    # print error to STDERR\n    echo \"error: The sandbox is not in sync with the Podfile.lock. Run 'pod install' or update your CocoaPods installation.\" >&2\n    exit 1\nfi\n# This output is used by Xcode 'outputs' to avoid re-running this script phase.\necho \"SUCCESS\" > \"${SCRIPT_OUTPUT_FILE_0}\"\n";
			showEnvVarsInLog = 0;
		};
/* End PBXShellScriptBuildPhase section */

/* Begin PBXSourcesBuildPhase section */
		D9F2961522ECA65F0067F4CA /* Sources */ = {
			isa = PBXSourcesBuildPhase;
			buildActionMask = 2147483647;
			files = (
				D9F2963A22ED01A70067F4CA /* SignUpVC.swift in Sources */,
				D9F2964722ED0AA90067F4CA /* Theme.swift in Sources */,
				D9A26DB622EE1AFA007885E9 /* ApiManager.swift in Sources */,
				D9A26DBA22EE546A007885E9 /* EndPoints.swift in Sources */,
				D9F2961D22ECA65F0067F4CA /* AppDelegate.swift in Sources */,
				D9F2964222ED04BB0067F4CA /* LogInVC.swift in Sources */,
				D9A26DB822EE540E007885E9 /* Auth.swift in Sources */,
			);
			runOnlyForDeploymentPostprocessing = 0;
		};
/* End PBXSourcesBuildPhase section */

/* Begin PBXVariantGroup section */
		D9F2962522ECA6610067F4CA /* LaunchScreen.storyboard */ = {
			isa = PBXVariantGroup;
			children = (
				D9F2962622ECA6610067F4CA /* Base */,
			);
			name = LaunchScreen.storyboard;
			sourceTree = "<group>";
		};
/* End PBXVariantGroup section */

/* Begin XCBuildConfiguration section */
		D9F2962922ECA6610067F4CA /* Debug */ = {
			isa = XCBuildConfiguration;
			buildSettings = {
				ALWAYS_SEARCH_USER_PATHS = NO;
				CLANG_ANALYZER_NONNULL = YES;
				CLANG_ANALYZER_NUMBER_OBJECT_CONVERSION = YES_AGGRESSIVE;
				CLANG_CXX_LANGUAGE_STANDARD = "gnu++14";
				CLANG_CXX_LIBRARY = "libc++";
				CLANG_ENABLE_MODULES = YES;
				CLANG_ENABLE_OBJC_ARC = YES;
				CLANG_ENABLE_OBJC_WEAK = YES;
				CLANG_WARN_BLOCK_CAPTURE_AUTORELEASING = YES;
				CLANG_WARN_BOOL_CONVERSION = YES;
				CLANG_WARN_COMMA = YES;
				CLANG_WARN_CONSTANT_CONVERSION = YES;
				CLANG_WARN_DEPRECATED_OBJC_IMPLEMENTATIONS = YES;
				CLANG_WARN_DIRECT_OBJC_ISA_USAGE = YES_ERROR;
				CLANG_WARN_DOCUMENTATION_COMMENTS = YES;
				CLANG_WARN_EMPTY_BODY = YES;
				CLANG_WARN_ENUM_CONVERSION = YES;
				CLANG_WARN_INFINITE_RECURSION = YES;
				CLANG_WARN_INT_CONVERSION = YES;
				CLANG_WARN_NON_LITERAL_NULL_CONVERSION = YES;
				CLANG_WARN_OBJC_IMPLICIT_RETAIN_SELF = YES;
				CLANG_WARN_OBJC_LITERAL_CONVERSION = YES;
				CLANG_WARN_OBJC_ROOT_CLASS = YES_ERROR;
				CLANG_WARN_RANGE_LOOP_ANALYSIS = YES;
				CLANG_WARN_STRICT_PROTOTYPES = YES;
				CLANG_WARN_SUSPICIOUS_MOVE = YES;
				CLANG_WARN_UNGUARDED_AVAILABILITY = YES_AGGRESSIVE;
				CLANG_WARN_UNREACHABLE_CODE = YES;
				CLANG_WARN__DUPLICATE_METHOD_MATCH = YES;
				CODE_SIGN_IDENTITY = "iPhone Developer";
				COPY_PHASE_STRIP = NO;
				DEBUG_INFORMATION_FORMAT = dwarf;
				ENABLE_STRICT_OBJC_MSGSEND = YES;
				ENABLE_TESTABILITY = YES;
				GCC_C_LANGUAGE_STANDARD = gnu11;
				GCC_DYNAMIC_NO_PIC = NO;
				GCC_NO_COMMON_BLOCKS = YES;
				GCC_OPTIMIZATION_LEVEL = 0;
				GCC_PREPROCESSOR_DEFINITIONS = (
					"DEBUG=1",
					"$(inherited)",
				);
				GCC_WARN_64_TO_32_BIT_CONVERSION = YES;
				GCC_WARN_ABOUT_RETURN_TYPE = YES_ERROR;
				GCC_WARN_UNDECLARED_SELECTOR = YES;
				GCC_WARN_UNINITIALIZED_AUTOS = YES_AGGRESSIVE;
				GCC_WARN_UNUSED_FUNCTION = YES;
				GCC_WARN_UNUSED_VARIABLE = YES;
				IPHONEOS_DEPLOYMENT_TARGET = 12.1;
				MTL_ENABLE_DEBUG_INFO = INCLUDE_SOURCE;
				MTL_FAST_MATH = YES;
				ONLY_ACTIVE_ARCH = YES;
				SDKROOT = iphoneos;
				SWIFT_ACTIVE_COMPILATION_CONDITIONS = DEBUG;
				SWIFT_OPTIMIZATION_LEVEL = "-Onone";
			};
			name = Debug;
		};
		D9F2962A22ECA6610067F4CA /* Release */ = {
			isa = XCBuildConfiguration;
			buildSettings = {
				ALWAYS_SEARCH_USER_PATHS = NO;
				CLANG_ANALYZER_NONNULL = YES;
				CLANG_ANALYZER_NUMBER_OBJECT_CONVERSION = YES_AGGRESSIVE;
				CLANG_CXX_LANGUAGE_STANDARD = "gnu++14";
				CLANG_CXX_LIBRARY = "libc++";
				CLANG_ENABLE_MODULES = YES;
				CLANG_ENABLE_OBJC_ARC = YES;
				CLANG_ENABLE_OBJC_WEAK = YES;
				CLANG_WARN_BLOCK_CAPTURE_AUTORELEASING = YES;
				CLANG_WARN_BOOL_CONVERSION = YES;
				CLANG_WARN_COMMA = YES;
				CLANG_WARN_CONSTANT_CONVERSION = YES;
				CLANG_WARN_DEPRECATED_OBJC_IMPLEMENTATIONS = YES;
				CLANG_WARN_DIRECT_OBJC_ISA_USAGE = YES_ERROR;
				CLANG_WARN_DOCUMENTATION_COMMENTS = YES;
				CLANG_WARN_EMPTY_BODY = YES;
				CLANG_WARN_ENUM_CONVERSION = YES;
				CLANG_WARN_INFINITE_RECURSION = YES;
				CLANG_WARN_INT_CONVERSION = YES;
				CLANG_WARN_NON_LITERAL_NULL_CONVERSION = YES;
				CLANG_WARN_OBJC_IMPLICIT_RETAIN_SELF = YES;
				CLANG_WARN_OBJC_LITERAL_CONVERSION = YES;
				CLANG_WARN_OBJC_ROOT_CLASS = YES_ERROR;
				CLANG_WARN_RANGE_LOOP_ANALYSIS = YES;
				CLANG_WARN_STRICT_PROTOTYPES = YES;
				CLANG_WARN_SUSPICIOUS_MOVE = YES;
				CLANG_WARN_UNGUARDED_AVAILABILITY = YES_AGGRESSIVE;
				CLANG_WARN_UNREACHABLE_CODE = YES;
				CLANG_WARN__DUPLICATE_METHOD_MATCH = YES;
				CODE_SIGN_IDENTITY = "iPhone Developer";
				COPY_PHASE_STRIP = NO;
				DEBUG_INFORMATION_FORMAT = "dwarf-with-dsym";
				ENABLE_NS_ASSERTIONS = NO;
				ENABLE_STRICT_OBJC_MSGSEND = YES;
				GCC_C_LANGUAGE_STANDARD = gnu11;
				GCC_NO_COMMON_BLOCKS = YES;
				GCC_WARN_64_TO_32_BIT_CONVERSION = YES;
				GCC_WARN_ABOUT_RETURN_TYPE = YES_ERROR;
				GCC_WARN_UNDECLARED_SELECTOR = YES;
				GCC_WARN_UNINITIALIZED_AUTOS = YES_AGGRESSIVE;
				GCC_WARN_UNUSED_FUNCTION = YES;
				GCC_WARN_UNUSED_VARIABLE = YES;
				IPHONEOS_DEPLOYMENT_TARGET = 12.1;
				MTL_ENABLE_DEBUG_INFO = NO;
				MTL_FAST_MATH = YES;
				SDKROOT = iphoneos;
				SWIFT_COMPILATION_MODE = wholemodule;
				SWIFT_OPTIMIZATION_LEVEL = "-O";
				VALIDATE_PRODUCT = YES;
			};
			name = Release;
		};
		D9F2962C22ECA6610067F4CA /* Debug */ = {
			isa = XCBuildConfiguration;
			baseConfigurationReference = B6D67C5605BF652A7B8E024C /* Pods-GarsonCom.debug.xcconfig */;
			buildSettings = {
				ASSETCATALOG_COMPILER_APPICON_NAME = AppIcon;
				CODE_SIGN_STYLE = Automatic;
				INFOPLIST_FILE = "$(SRCROOT)/GarsonCom/Configuration/Info.plist";
				LD_RUNPATH_SEARCH_PATHS = (
					"$(inherited)",
					"@executable_path/Frameworks",
				);
				PRODUCT_BUNDLE_IDENTIFIER = trainingApps.GarsonCom;
				PRODUCT_NAME = "$(TARGET_NAME)";
				SWIFT_VERSION = 4.2;
				TARGETED_DEVICE_FAMILY = "1,2";
			};
			name = Debug;
		};
		D9F2962D22ECA6610067F4CA /* Release */ = {
			isa = XCBuildConfiguration;
			baseConfigurationReference = F81479674FD9A4AFACBF3CC8 /* Pods-GarsonCom.release.xcconfig */;
			buildSettings = {
				ASSETCATALOG_COMPILER_APPICON_NAME = AppIcon;
				CODE_SIGN_STYLE = Automatic;
				INFOPLIST_FILE = "$(SRCROOT)/GarsonCom/Configuration/Info.plist";
				LD_RUNPATH_SEARCH_PATHS = (
					"$(inherited)",
					"@executable_path/Frameworks",
				);
				PRODUCT_BUNDLE_IDENTIFIER = trainingApps.GarsonCom;
				PRODUCT_NAME = "$(TARGET_NAME)";
				SWIFT_VERSION = 4.2;
				TARGETED_DEVICE_FAMILY = "1,2";
			};
			name = Release;
		};
/* End XCBuildConfiguration section */

/* Begin XCConfigurationList section */
		D9F2961422ECA65F0067F4CA /* Build configuration list for PBXProject "GarsonCom" */ = {
			isa = XCConfigurationList;
			buildConfigurations = (
				D9F2962922ECA6610067F4CA /* Debug */,
				D9F2962A22ECA6610067F4CA /* Release */,
			);
			defaultConfigurationIsVisible = 0;
			defaultConfigurationName = Release;
		};
		D9F2962B22ECA6610067F4CA /* Build configuration list for PBXNativeTarget "GarsonCom" */ = {
			isa = XCConfigurationList;
			buildConfigurations = (
				D9F2962C22ECA6610067F4CA /* Debug */,
				D9F2962D22ECA6610067F4CA /* Release */,
			);
			defaultConfigurationIsVisible = 0;
			defaultConfigurationName = Release;
		};
/* End XCConfigurationList section */
	};
	rootObject = D9F2961122ECA65F0067F4CA /* Project object */;
}
